
Microsoft Visual Studio Solution File, Format Version 12.00
# Visual Studio 2013
Project("{FAE04EC0-301F-11D3-BF4B-00C04F79EFBC}") = "UnityVS.map.CSharp", "UnityVS.map.CSharp.csproj", "{0B6B0683-F32F-D305-2AA5-818B16F35214}"
EndProject
Project("{FAE04EC0-301F-11D3-BF4B-00C04F79EFBC}") = "UnityVS.map.CSharp.Editor", "UnityVS.map.CSharp.Editor.csproj", "{F1723BEA-EDCD-E1FD-7E6D-17136EB88AE6}"
EndProject
Global
	GlobalSection(SolutionConfigurationPlatforms) = preSolution
		Debug|Any CPU = Debug|Any CPU
		Release|Any CPU = Release|Any CPU
	EndGlobalSection
	GlobalSection(ProjectConfigurationPlatforms) = postSolution
		{0B6B0683-F32F-D305-2AA5-818B16F35214}.Debug|Any CPU.ActiveCfg = Debug|Any CPU
		{0B6B0683-F32F-D305-2AA5-818B16F35214}.Debug|Any CPU.Build.0 = Debug|Any CPU
		{0B6B0683-F32F-D305-2AA5-818B16F35214}.Release|Any CPU.ActiveCfg = Release|Any CPU
		{0B6B0683-F32F-D305-2AA5-818B16F35214}.Release|Any CPU.Build.0 = Release|Any CPU
		{F1723BEA-EDCD-E1FD-7E6D-17136EB88AE6}.Debug|Any CPU.ActiveCfg = Debug|Any CPU
		{F1723BEA-EDCD-E1FD-7E6D-17136EB88AE6}.Debug|Any CPU.Build.0 = Debug|Any CPU
		{F1723BEA-EDCD-E1FD-7E6D-17136EB88AE6}.Release|Any CPU.ActiveCfg = Release|Any CPU
		{F1723BEA-EDCD-E1FD-7E6D-17136EB88AE6}.Release|Any CPU.Build.0 = Release|Any CPU
	EndGlobalSection
	GlobalSection(SolutionProperties) = preSolution
		HideSolutionNode = FALSE
	EndGlobalSection
EndGlobal
